
Microsoft Visual Studio Solution File, Format Version 12.00
# Visual Studio 15
VisualStudioVersion = 15.0.26124.0
MinimumVisualStudioVersion = 15.0.26124.0
Project("{9A19103F-16F7-4668-BE54-9A1E7A4F7556}") = "FreeSql.Connection.Extensions", "FreeSql.Connection.Extensions\FreeSql.Connection.Extensions.csproj", "{9FC04B5F-1D4D-4136-AF84-F1B8A8C628DE}"
EndProject
Project("{9A19103F-16F7-4668-BE54-9A1E7A4F7556}") = "Tests", "Tests\Tests.csproj", "{7DAE8526-DB29-44D3-AC7D-D0125185EE2A}"
EndProject
Project("{2150E333-8FDC-42A3-9474-1A3956D46DE8}") = "Docs", "Docs", "{CBDA239C-F589-4CCB-A3AC-4A0B623E5FF7}"
	ProjectSection(SolutionItems) = preProject
		readme.md = readme.md
	EndProjectSection
EndProject
Global
	GlobalSection(SolutionConfigurationPlatforms) = preSolution
		Debug|Any CPU = Debug|Any CPU
		Debug|x64 = Debug|x64
		Debug|x86 = Debug|x86
		Release|Any CPU = Release|Any CPU
		Release|x64 = Release|x64
		Release|x86 = Release|x86
	EndGlobalSection
	GlobalSection(ProjectConfigurationPlatforms) = postSolution
		{9FC04B5F-1D4D-4136-AF84-F1B8A8C628DE}.Debug|Any CPU.ActiveCfg = Debug|Any CPU
		{9FC04B5F-1D4D-4136-AF84-F1B8A8C628DE}.Debug|Any CPU.Build.0 = Debug|Any CPU
		{9FC04B5F-1D4D-4136-AF84-F1B8A8C628DE}.Debug|x64.ActiveCfg = Debug|Any CPU
		{9FC04B5F-1D4D-4136-AF84-F1B8A8C628DE}.Debug|x64.Build.0 = Debug|Any CPU
		{9FC04B5F-1D4D-4136-AF84-F1B8A8C628DE}.Debug|x86.ActiveCfg = Debug|Any CPU
		{9FC04B5F-1D4D-4136-AF84-F1B8A8C628DE}.Debug|x86.Build.0 = Debug|Any CPU
		{9FC04B5F-1D4D-4136-AF84-F1B8A8C628DE}.Release|Any CPU.ActiveCfg = Release|Any CPU
		{9FC04B5F-1D4D-4136-AF84-F1B8A8C628DE}.Release|Any CPU.Build.0 = Release|Any CPU
		{9FC04B5F-1D4D-4136-AF84-F1B8A8C628DE}.Release|x64.ActiveCfg = Release|Any CPU
		{9FC04B5F-1D4D-4136-AF84-F1B8A8C628DE}.Release|x64.Build.0 = Release|Any CPU
		{9FC04B5F-1D4D-4136-AF84-F1B8A8C628DE}.Release|x86.ActiveCfg = Release|Any CPU
		{9FC04B5F-1D4D-4136-AF84-F1B8A8C628DE}.Release|x86.Build.0 = Release|Any CPU
		{7DAE8526-DB29-44D3-AC7D-D0125185EE2A}.Debug|Any CPU.ActiveCfg = Debug|Any CPU
		{7DAE8526-DB29-44D3-AC7D-D0125185EE2A}.Debug|Any CPU.Build.0 = Debug|Any CPU
		{7DAE8526-DB29-44D3-AC7D-D0125185EE2A}.Debug|x64.ActiveCfg = Debug|Any CPU
		{7DAE8526-DB29-44D3-AC7D-D0125185EE2A}.Debug|x64.Build.0 = Debug|Any CPU
		{7DAE8526-DB29-44D3-AC7D-D0125185EE2A}.Debug|x86.ActiveCfg = Debug|Any CPU
		{7DAE8526-DB29-44D3-AC7D-D0125185EE2A}.Debug|x86.Build.0 = Debug|Any CPU
		{7DAE8526-DB29-44D3-AC7D-D0125185EE2A}.Release|Any CPU.ActiveCfg = Release|Any CPU
		{7DAE8526-DB29-44D3-AC7D-D0125185EE2A}.Release|Any CPU.Build.0 = Release|Any CPU
		{7DAE8526-DB29-44D3-AC7D-D0125185EE2A}.Release|x64.ActiveCfg = Release|Any CPU
		{7DAE8526-DB29-44D3-AC7D-D0125185EE2A}.Release|x64.Build.0 = Release|Any CPU
		{7DAE8526-DB29-44D3-AC7D-D0125185EE2A}.Release|x86.ActiveCfg = Release|Any CPU
		{7DAE8526-DB29-44D3-AC7D-D0125185EE2A}.Release|x86.Build.0 = Release|Any CPU
	EndGlobalSection
	GlobalSection(SolutionProperties) = preSolution
		HideSolutionNode = FALSE
	EndGlobalSection
	GlobalSection(ExtensibilityGlobals) = postSolution
		SolutionGuid = {7E0D9635-9318-4351-8B2E-6B6D0ED4ECA4}
	EndGlobalSection
EndGlobal
